<?xml version="1.0" encoding="UTF-8"?>
<Scheme
   version = "1.3">
   <BuildAction>
      <BuildActionEntries>
         <BuildActionEntry
            buildForRunning = "YES">
            <BuildableReference
               BuildableIdentifier = "primary"
               BlueprintIdentifier = "9899785F2399032600C84C23"
               BuildableName = "MethodSCRIPTExample_Swift.app"
               BlueprintName = "MethodSCRIPTExample_Swift"
               ReferencedContainer = "container:MethodSCRIPTExample_Swift.xcodeproj">
            </BuildableReference>
         </BuildActionEntry>
      </BuildActionEntries>
   </BuildAction>
   <LaunchAction
      useCustomWorkingDirectory = "NO"
      buildConfiguration = "Debug"
      allowLocationSimulation = "YES">
      <BuildableProductRunnable>
         <BuildableReference
            BuildableIdentifier = "primary"
            BlueprintIdentifier = "9899785F2399032600C84C23"
            BuildableName = "MethodSCRIPTExample_Swift.app"
            BlueprintName = "MethodSCRIPTExample_Swift"
            ReferencedContainer = "container:MethodSCRIPTExample_Swift.xcodeproj">
         </BuildableReference>
      </BuildableProductRunnable>
   </LaunchAction>
</Scheme>
